
Microsoft Visual Studio Solution File, Format Version 12.00
# Visual Studio 15
VisualStudioVersion = 15.0.28307.168
MinimumVisualStudioVersion = 10.0.40219.1
Project("{FAE04EC0-301F-11D3-BF4B-00C04F79EFBC}") = "AzureToolKit2", "AzureToolKit2\AzureToolKit2.csproj", "{5E57B30D-D0BA-4CC8-8D2F-868D8A623170}"
EndProject
Global
	GlobalSection(SolutionConfigurationPlatforms) = preSolution
		Debug|Any CPU = Debug|Any CPU
		Release|Any CPU = Release|Any CPU
	EndGlobalSection
	GlobalSection(ProjectConfigurationPlatforms) = postSolution
		{5E57B30D-D0BA-4CC8-8D2F-868D8A623170}.Debug|Any CPU.ActiveCfg = Debug|Any CPU
		{5E57B30D-D0BA-4CC8-8D2F-868D8A623170}.Debug|Any CPU.Build.0 = Debug|Any CPU
		{5E57B30D-D0BA-4CC8-8D2F-868D8A623170}.Release|Any CPU.ActiveCfg = Release|Any CPU
		{5E57B30D-D0BA-4CC8-8D2F-868D8A623170}.Release|Any CPU.Build.0 = Release|Any CPU
	EndGlobalSection
	GlobalSection(SolutionProperties) = preSolution
		HideSolutionNode = FALSE
	EndGlobalSection
	GlobalSection(ExtensibilityGlobals) = postSolution
		SolutionGuid = {A7D14195-383C-444A-AD15-47A244666204}
	EndGlobalSection
EndGlobal
